
Microsoft Visual Studio Solution File, Format Version 12.00
# Visual Studio 15
VisualStudioVersion = 15.0.28010.2048
MinimumVisualStudioVersion = 10.0.40219.1
Project("{FAE04EC0-301F-11D3-BF4B-00C04F79EFBC}") = "Proyecto Asp Final", "Proyecto Asp Final\Proyecto Asp Final.csproj", "{304222F8-3740-4D23-A6E8-34DD41B0EABA}"
EndProject
Global
	GlobalSection(SolutionConfigurationPlatforms) = preSolution
		Debug|Any CPU = Debug|Any CPU
		Release|Any CPU = Release|Any CPU
	EndGlobalSection
	GlobalSection(ProjectConfigurationPlatforms) = postSolution
		{304222F8-3740-4D23-A6E8-34DD41B0EABA}.Debug|Any CPU.ActiveCfg = Debug|Any CPU
		{304222F8-3740-4D23-A6E8-34DD41B0EABA}.Debug|Any CPU.Build.0 = Debug|Any CPU
		{304222F8-3740-4D23-A6E8-34DD41B0EABA}.Release|Any CPU.ActiveCfg = Release|Any CPU
		{304222F8-3740-4D23-A6E8-34DD41B0EABA}.Release|Any CPU.Build.0 = Release|Any CPU
	EndGlobalSection
	GlobalSection(SolutionProperties) = preSolution
		HideSolutionNode = FALSE
	EndGlobalSection
	GlobalSection(ExtensibilityGlobals) = postSolution
		SolutionGuid = {FED17B0B-6081-4DBD-890E-15A6CE6B34E4}
	EndGlobalSection
EndGlobal
